Microsoft Visual Studio Solution File, Format Version 11.00
# Visual Studio 2008

Project("{1C8F9CE3-C0B8-E29E-CAFF-373A70D6AF2F}") = "Emotion Factory", "Assembly-CSharp-firstpass.csproj", "{90F5F82F-8A44-DC9B-4EE6-CD1A19147E1F}"
EndProject
Project("{1C8F9CE3-C0B8-E29E-CAFF-373A70D6AF2F}") = "Emotion Factory", "Assembly-CSharp.csproj", "{97366D3B-CE36-3FE8-10FD-DC96E9445E0B}"
EndProject
Project("{1C8F9CE3-C0B8-E29E-CAFF-373A70D6AF2F}") = "Emotion Factory", "Assembly-CSharp-Editor.csproj", "{1515B5EF-C7B8-8C7C-7471-D4EE81746A05}"
EndProject
Project("{1C8F9CE3-C0B8-E29E-CAFF-373A70D6AF2F}") = "Emotion Factory", "Assembly-UnityScript-firstpass.unityproj", "{219A59AE-7212-8FD7-4E02-0B97CEDAE96B}"
EndProject
Project("{1C8F9CE3-C0B8-E29E-CAFF-373A70D6AF2F}") = "Emotion Factory", "Assembly-UnityScript.unityproj", "{E5E171DB-90DC-54C1-B767-62046B535952}"
EndProject
Global
	GlobalSection(SolutionConfigurationPlatforms) = preSolution
		Debug|Any CPU = Debug|Any CPU
		Release|Any CPU = Release|Any CPU
	EndGlobalSection
	GlobalSection(ProjectConfigurationPlatforms) = postSolution
		{90F5F82F-8A44-DC9B-4EE6-CD1A19147E1F}.Debug|Any CPU.ActiveCfg = Debug|Any CPU
		{90F5F82F-8A44-DC9B-4EE6-CD1A19147E1F}.Debug|Any CPU.Build.0 = Debug|Any CPU
		{90F5F82F-8A44-DC9B-4EE6-CD1A19147E1F}.Release|Any CPU.ActiveCfg = Release|Any CPU
		{90F5F82F-8A44-DC9B-4EE6-CD1A19147E1F}.Release|Any CPU.Build.0 = Release|Any CPU
		{97366D3B-CE36-3FE8-10FD-DC96E9445E0B}.Debug|Any CPU.ActiveCfg = Debug|Any CPU
		{97366D3B-CE36-3FE8-10FD-DC96E9445E0B}.Debug|Any CPU.Build.0 = Debug|Any CPU
		{97366D3B-CE36-3FE8-10FD-DC96E9445E0B}.Release|Any CPU.ActiveCfg = Release|Any CPU
		{97366D3B-CE36-3FE8-10FD-DC96E9445E0B}.Release|Any CPU.Build.0 = Release|Any CPU
		{1515B5EF-C7B8-8C7C-7471-D4EE81746A05}.Debug|Any CPU.ActiveCfg = Debug|Any CPU
		{1515B5EF-C7B8-8C7C-7471-D4EE81746A05}.Debug|Any CPU.Build.0 = Debug|Any CPU
		{1515B5EF-C7B8-8C7C-7471-D4EE81746A05}.Release|Any CPU.ActiveCfg = Release|Any CPU
		{1515B5EF-C7B8-8C7C-7471-D4EE81746A05}.Release|Any CPU.Build.0 = Release|Any CPU
		{219A59AE-7212-8FD7-4E02-0B97CEDAE96B}.Debug|Any CPU.ActiveCfg = Debug|Any CPU
		{219A59AE-7212-8FD7-4E02-0B97CEDAE96B}.Debug|Any CPU.Build.0 = Debug|Any CPU
		{219A59AE-7212-8FD7-4E02-0B97CEDAE96B}.Release|Any CPU.ActiveCfg = Release|Any CPU
		{219A59AE-7212-8FD7-4E02-0B97CEDAE96B}.Release|Any CPU.Build.0 = Release|Any CPU
		{E5E171DB-90DC-54C1-B767-62046B535952}.Debug|Any CPU.ActiveCfg = Debug|Any CPU
		{E5E171DB-90DC-54C1-B767-62046B535952}.Debug|Any CPU.Build.0 = Debug|Any CPU
		{E5E171DB-90DC-54C1-B767-62046B535952}.Release|Any CPU.ActiveCfg = Release|Any CPU
		{E5E171DB-90DC-54C1-B767-62046B535952}.Release|Any CPU.Build.0 = Release|Any CPU
	EndGlobalSection
	GlobalSection(SolutionProperties) = preSolution
		HideSolutionNode = FALSE
	EndGlobalSection
	GlobalSection(MonoDevelopProperties) = preSolution
		StartupItem = Assembly-CSharp.csproj
		Policies = $0
		$0.TextStylePolicy = $1
		$1.inheritsSet = null
		$1.scope = text/x-csharp
		$0.CSharpFormattingPolicy = $2
		$2.inheritsSet = Mono
		$2.inheritsScope = text/x-csharp
		$2.scope = text/x-csharp
		$0.TextStylePolicy = $3
		$3.FileWidth = 120
		$3.TabWidth = 4
		$3.IndentWidth = 4
		$3.EolMarker = Unix
		$3.inheritsSet = Mono
		$3.inheritsScope = text/plain
		$3.scope = text/plain
	EndGlobalSection
EndGlobal
